
Microsoft Visual Studio Solution File, Format Version 12.00
# Visual Studio Version 16
VisualStudioVersion = 16.0.30804.86
MinimumVisualStudioVersion = 10.0.40219.1
Project("{F2A71F9B-5D33-465A-A702-920D77279786}") = "write-yourself-a-scheme", "write-yourself-a-scheme.fsproj", "{AC248566-3C72-4D45-9C90-AB56474033DD}"
EndProject
Global
	GlobalSection(SolutionConfigurationPlatforms) = preSolution
		Debug|Any CPU = Debug|Any CPU
		Release|Any CPU = Release|Any CPU
	EndGlobalSection
	GlobalSection(ProjectConfigurationPlatforms) = postSolution
		{AC248566-3C72-4D45-9C90-AB56474033DD}.Debug|Any CPU.ActiveCfg = Debug|Any CPU
		{AC248566-3C72-4D45-9C90-AB56474033DD}.Debug|Any CPU.Build.0 = Debug|Any CPU
		{AC248566-3C72-4D45-9C90-AB56474033DD}.Release|Any CPU.ActiveCfg = Release|Any CPU
		{AC248566-3C72-4D45-9C90-AB56474033DD}.Release|Any CPU.Build.0 = Release|Any CPU
	EndGlobalSection
	GlobalSection(SolutionProperties) = preSolution
		HideSolutionNode = FALSE
	EndGlobalSection
	GlobalSection(ExtensibilityGlobals) = postSolution
		SolutionGuid = {691D3C8C-31DF-4640-8331-DE88FA18D967}
	EndGlobalSection
EndGlobal
